
Microsoft Visual Studio Solution File, Format Version 12.00
# Visual Studio Version 17
VisualStudioVersion = 17.13.35828.75 d17.13
MinimumVisualStudioVersion = 10.0.40219.1
Project("{54A90642-561A-4BB1-A94E-469ADEE60C69}") = "exam_postly.client", "exam_postly.client\exam_postly.client.esproj", "{B60500C7-8D33-3F88-F1B8-0AF0A127CBDC}"
EndProject
Project("{FAE04EC0-301F-11D3-BF4B-00C04F79EFBC}") = "exam_postly.Server", "exam_postly.Server\exam_postly.Server.csproj", "{4E7F8F6F-6D97-490E-B1A9-42D11EFC268A}"
EndProject
Global
	GlobalSection(SolutionConfigurationPlatforms) = preSolution
		Debug|Any CPU = Debug|Any CPU
		Release|Any CPU = Release|Any CPU
	EndGlobalSection
	GlobalSection(ProjectConfigurationPlatforms) = postSolution
		{B60500C7-8D33-3F88-F1B8-0AF0A127CBDC}.Debug|Any CPU.ActiveCfg = Debug|Any CPU
		{B60500C7-8D33-3F88-F1B8-0AF0A127CBDC}.Debug|Any CPU.Build.0 = Debug|Any CPU
		{B60500C7-8D33-3F88-F1B8-0AF0A127CBDC}.Debug|Any CPU.Deploy.0 = Debug|Any CPU
		{B60500C7-8D33-3F88-F1B8-0AF0A127CBDC}.Release|Any CPU.ActiveCfg = Release|Any CPU
		{B60500C7-8D33-3F88-F1B8-0AF0A127CBDC}.Release|Any CPU.Build.0 = Release|Any CPU
		{B60500C7-8D33-3F88-F1B8-0AF0A127CBDC}.Release|Any CPU.Deploy.0 = Release|Any CPU
		{4E7F8F6F-6D97-490E-B1A9-42D11EFC268A}.Debug|Any CPU.ActiveCfg = Debug|Any CPU
		{4E7F8F6F-6D97-490E-B1A9-42D11EFC268A}.Debug|Any CPU.Build.0 = Debug|Any CPU
		{4E7F8F6F-6D97-490E-B1A9-42D11EFC268A}.Release|Any CPU.ActiveCfg = Release|Any CPU
		{4E7F8F6F-6D97-490E-B1A9-42D11EFC268A}.Release|Any CPU.Build.0 = Release|Any CPU
	EndGlobalSection
	GlobalSection(SolutionProperties) = preSolution
		HideSolutionNode = FALSE
	EndGlobalSection
	GlobalSection(ExtensibilityGlobals) = postSolution
		SolutionGuid = {40A70F43-7CA3-439F-9696-C7829DC906B3}
	EndGlobalSection
EndGlobal
